
Microsoft Visual Studio Solution File, Format Version 12.00
# Visual Studio Version 16
VisualStudioVersion = 16.0.30523.141
MinimumVisualStudioVersion = 10.0.40219.1
Project("{8BC9CEB8-8B4A-11D0-8D11-00A0C91BC942}") = "lab10.1", "lab10.1\lab10.1.vcxproj", "{D75DE488-77CA-491E-ACE0-457E22B0CFB9}"
EndProject
Project("{8BC9CEB8-8B4A-11D0-8D11-00A0C91BC942}") = "UnitTest1", "UnitTest1\UnitTest1.vcxproj", "{9D6F1BF7-1417-4F3D-84DF-88016AA4A2B0}"
EndProject
Global
	GlobalSection(SolutionConfigurationPlatforms) = preSolution
		Debug|x64 = Debug|x64
		Debug|x86 = Debug|x86
		Release|x64 = Release|x64
		Release|x86 = Release|x86
	EndGlobalSection
	GlobalSection(ProjectConfigurationPlatforms) = postSolution
		{D75DE488-77CA-491E-ACE0-457E22B0CFB9}.Debug|x64.ActiveCfg = Debug|x64
		{D75DE488-77CA-491E-ACE0-457E22B0CFB9}.Debug|x64.Build.0 = Debug|x64
		{D75DE488-77CA-491E-ACE0-457E22B0CFB9}.Debug|x86.ActiveCfg = Debug|Win32
		{D75DE488-77CA-491E-ACE0-457E22B0CFB9}.Debug|x86.Build.0 = Debug|Win32
		{D75DE488-77CA-491E-ACE0-457E22B0CFB9}.Release|x64.ActiveCfg = Release|x64
		{D75DE488-77CA-491E-ACE0-457E22B0CFB9}.Release|x64.Build.0 = Release|x64
		{D75DE488-77CA-491E-ACE0-457E22B0CFB9}.Release|x86.ActiveCfg = Release|Win32
		{D75DE488-77CA-491E-ACE0-457E22B0CFB9}.Release|x86.Build.0 = Release|Win32
		{9D6F1BF7-1417-4F3D-84DF-88016AA4A2B0}.Debug|x64.ActiveCfg = Debug|x64
		{9D6F1BF7-1417-4F3D-84DF-88016AA4A2B0}.Debug|x64.Build.0 = Debug|x64
		{9D6F1BF7-1417-4F3D-84DF-88016AA4A2B0}.Debug|x86.ActiveCfg = Debug|Win32
		{9D6F1BF7-1417-4F3D-84DF-88016AA4A2B0}.Debug|x86.Build.0 = Debug|Win32
		{9D6F1BF7-1417-4F3D-84DF-88016AA4A2B0}.Release|x64.ActiveCfg = Release|x64
		{9D6F1BF7-1417-4F3D-84DF-88016AA4A2B0}.Release|x64.Build.0 = Release|x64
		{9D6F1BF7-1417-4F3D-84DF-88016AA4A2B0}.Release|x86.ActiveCfg = Release|Win32
		{9D6F1BF7-1417-4F3D-84DF-88016AA4A2B0}.Release|x86.Build.0 = Release|Win32
	EndGlobalSection
	GlobalSection(SolutionProperties) = preSolution
		HideSolutionNode = FALSE
	EndGlobalSection
	GlobalSection(ExtensibilityGlobals) = postSolution
		SolutionGuid = {4510FADA-184D-4490-8EEB-D7B0A43CE64D}
	EndGlobalSection
EndGlobal
